
Microsoft Visual Studio Solution File, Format Version 12.00
# Visual Studio Version 16
VisualStudioVersion = 16.0.30523.141
MinimumVisualStudioVersion = 10.0.40219.1
Project("{FAE04EC0-301F-11D3-BF4B-00C04F79EFBC}") = "HelloWorldAspDotNet", "HelloWorldAspDotNet.csproj", "{216A5C1F-2C52-4166-9365-C73D747BCA4D}"
EndProject
Global
	GlobalSection(SolutionConfigurationPlatforms) = preSolution
		Debug|Any CPU = Debug|Any CPU
		Release|Any CPU = Release|Any CPU
	EndGlobalSection
	GlobalSection(ProjectConfigurationPlatforms) = postSolution
		{216A5C1F-2C52-4166-9365-C73D747BCA4D}.Debug|Any CPU.ActiveCfg = Debug|Any CPU
		{216A5C1F-2C52-4166-9365-C73D747BCA4D}.Debug|Any CPU.Build.0 = Debug|Any CPU
		{216A5C1F-2C52-4166-9365-C73D747BCA4D}.Release|Any CPU.ActiveCfg = Release|Any CPU
		{216A5C1F-2C52-4166-9365-C73D747BCA4D}.Release|Any CPU.Build.0 = Release|Any CPU
	EndGlobalSection
	GlobalSection(SolutionProperties) = preSolution
		HideSolutionNode = FALSE
	EndGlobalSection
	GlobalSection(ExtensibilityGlobals) = postSolution
		SolutionGuid = {EA9A35AD-5451-4057-9A90-53C150FC5759}
	EndGlobalSection
EndGlobal
